
Microsoft Visual Studio Solution File, Format Version 12.00
# Visual Studio 14
VisualStudioVersion = 14.0.25420.1
MinimumVisualStudioVersion = 10.0.40219.1
Project("{FAE04EC0-301F-11D3-BF4B-00C04F79EFBC}") = "Sneaker_app", "Sneaker app\Sneaker_app\Sneaker_app.csproj", "{ED758C83-D5F6-40B1-B664-8050EEAF9B7D}"
EndProject
Project("{FAE04EC0-301F-11D3-BF4B-00C04F79EFBC}") = "Sneaker_app.Droid", "Sneaker app\Sneaker_app.Droid\Sneaker_app.Droid.csproj", "{51394498-6056-4F07-96B9-745B6F340FBD}"
EndProject
Project("{FAE04EC0-301F-11D3-BF4B-00C04F79EFBC}") = "Sneaker_app.iOS", "Sneaker app\Sneaker_app.iOS\Sneaker_app.iOS.csproj", "{C43670FF-9164-414C-BC6A-B0B2FE0DF12F}"
EndProject
Project("{FAE04EC0-301F-11D3-BF4B-00C04F79EFBC}") = "Sneaker_app.WinPhone", "Sneaker app\Sneaker_app.WinPhone\Sneaker_app.WinPhone.csproj", "{AF550083-CD76-49F8-B1F6-EDEE6842DD30}"
EndProject
Project("{FAE04EC0-301F-11D3-BF4B-00C04F79EFBC}") = "Sneaker_app.UWP", "Sneaker app\Sneaker_app.UWP\Sneaker_app.UWP.csproj", "{3EBC3C3D-7A83-4D08-886B-34E55253C93B}"
EndProject
Project("{FAE04EC0-301F-11D3-BF4B-00C04F79EFBC}") = "Sneaker_app.Windows", "Sneaker app\Sneaker_app.Windows\Sneaker_app.Windows.csproj", "{A04CF9F5-FA15-47FE-A6ED-E35DFDF6B36C}"
EndProject
Global
	GlobalSection(SolutionConfigurationPlatforms) = preSolution
		Ad-Hoc|Any CPU = Ad-Hoc|Any CPU
		Ad-Hoc|ARM = Ad-Hoc|ARM
		Ad-Hoc|iPhone = Ad-Hoc|iPhone
		Ad-Hoc|iPhoneSimulator = Ad-Hoc|iPhoneSimulator
		Ad-Hoc|x64 = Ad-Hoc|x64
		Ad-Hoc|x86 = Ad-Hoc|x86
		AppStore|Any CPU = AppStore|Any CPU
		AppStore|ARM = AppStore|ARM
		AppStore|iPhone = AppStore|iPhone
		AppStore|iPhoneSimulator = AppStore|iPhoneSimulator
		AppStore|x64 = AppStore|x64
		AppStore|x86 = AppStore|x86
		Debug|Any CPU = Debug|Any CPU
		Debug|ARM = Debug|ARM
		Debug|iPhone = Debug|iPhone
		Debug|iPhoneSimulator = Debug|iPhoneSimulator
		Debug|x64 = Debug|x64
		Debug|x86 = Debug|x86
		Release|Any CPU = Release|Any CPU
		Release|ARM = Release|ARM
		Release|iPhone = Release|iPhone
		Release|iPhoneSimulator = Release|iPhoneSimulator
		Release|x64 = Release|x64
		Release|x86 = Release|x86
	EndGlobalSection
	GlobalSection(ProjectConfigurationPlatforms) = postSolution
		{ED758C83-D5F6-40B1-B664-8050EEAF9B7D}.Ad-Hoc|Any CPU.ActiveCfg = Release|Any CPU
		{ED758C83-D5F6-40B1-B664-8050EEAF9B7D}.Ad-Hoc|Any CPU.Build.0 = Release|Any CPU
		{ED758C83-D5F6-40B1-B664-8050EEAF9B7D}.Ad-Hoc|ARM.ActiveCfg = Release|Any CPU
		{ED758C83-D5F6-40B1-B664-8050EEAF9B7D}.Ad-Hoc|ARM.Build.0 = Release|Any CPU
		{ED758C83-D5F6-40B1-B664-8050EEAF9B7D}.Ad-Hoc|iPhone.ActiveCfg = Release|Any CPU
		{ED758C83-D5F6-40B1-B664-8050EEAF9B7D}.Ad-Hoc|iPhone.Build.0 = Release|Any CPU
		{ED758C83-D5F6-40B1-B664-8050EEAF9B7D}.Ad-Hoc|iPhoneSimulator.ActiveCfg = Release|Any CPU
		{ED758C83-D5F6-40B1-B664-8050EEAF9B7D}.Ad-Hoc|iPhoneSimulator.Build.0 = Release|Any CPU
		{ED758C83-D5F6-40B1-B664-8050EEAF9B7D}.Ad-Hoc|x64.ActiveCfg = Release|Any CPU
		{ED758C83-D5F6-40B1-B664-8050EEAF9B7D}.Ad-Hoc|x64.Build.0 = Release|Any CPU
		{ED758C83-D5F6-40B1-B664-8050EEAF9B7D}.Ad-Hoc|x86.ActiveCfg = Release|Any CPU
		{ED758C83-D5F6-40B1-B664-8050EEAF9B7D}.Ad-Hoc|x86.Build.0 = Release|Any CPU
		{ED758C83-D5F6-40B1-B664-8050EEAF9B7D}.AppStore|Any CPU.ActiveCfg = Release|Any CPU
		{ED758C83-D5F6-40B1-B664-8050EEAF9B7D}.AppStore|Any CPU.Build.0 = Release|Any CPU
		{ED758C83-D5F6-40B1-B664-8050EEAF9B7D}.AppStore|ARM.ActiveCfg = Release|Any CPU
		{ED758C83-D5F6-40B1-B664-8050EEAF9B7D}.AppStore|ARM.Build.0 = Release|Any CPU
		{ED758C83-D5F6-40B1-B664-8050EEAF9B7D}.AppStore|iPhone.ActiveCfg = Release|Any CPU
		{ED758C83-D5F6-40B1-B664-8050EEAF9B7D}.AppStore|iPhone.Build.0 = Release|Any CPU
		{ED758C83-D5F6-40B1-B664-8050EEAF9B7D}.AppStore|iPhoneSimulator.ActiveCfg = Release|Any CPU
		{ED758C83-D5F6-40B1-B664-8050EEAF9B7D}.AppStore|iPhoneSimulator.Build.0 = Release|Any CPU
		{ED758C83-D5F6-40B1-B664-8050EEAF9B7D}.AppStore|x64.ActiveCfg = Release|Any CPU
		{ED758C83-D5F6-40B1-B664-8050EEAF9B7D}.AppStore|x64.Build.0 = Release|Any CPU
		{ED758C83-D5F6-40B1-B664-8050EEAF9B7D}.AppStore|x86.ActiveCfg = Release|Any CPU
		{ED758C83-D5F6-40B1-B664-8050EEAF9B7D}.AppStore|x86.Build.0 = Release|Any CPU
		{ED758C83-D5F6-40B1-B664-8050EEAF9B7D}.Debug|Any CPU.ActiveCfg = Debug|Any CPU
		{ED758C83-D5F6-40B1-B664-8050EEAF9B7D}.Debug|Any CPU.Build.0 = Debug|Any CPU
		{ED758C83-D5F6-40B1-B664-8050EEAF9B7D}.Debug|ARM.ActiveCfg = Debug|Any CPU
		{ED758C83-D5F6-40B1-B664-8050EEAF9B7D}.Debug|ARM.Build.0 = Debug|Any CPU
		{ED758C83-D5F6-40B1-B664-8050EEAF9B7D}.Debug|iPhone.ActiveCfg = Debug|Any CPU
		{ED758C83-D5F6-40B1-B664-8050EEAF9B7D}.Debug|iPhone.Build.0 = Debug|Any CPU
		{ED758C83-D5F6-40B1-B664-8050EEAF9B7D}.Debug|iPhoneSimulator.ActiveCfg = Debug|Any CPU
		{ED758C83-D5F6-40B1-B664-8050EEAF9B7D}.Debug|iPhoneSimulator.Build.0 = Debug|Any CPU
		{ED758C83-D5F6-40B1-B664-8050EEAF9B7D}.Debug|x64.ActiveCfg = Debug|Any CPU
		{ED758C83-D5F6-40B1-B664-8050EEAF9B7D}.Debug|x64.Build.0 = Debug|Any CPU
		{ED758C83-D5F6-40B1-B664-8050EEAF9B7D}.Debug|x86.ActiveCfg = Debug|Any CPU
		{ED758C83-D5F6-40B1-B664-8050EEAF9B7D}.Debug|x86.Build.0 = Debug|Any CPU
		{ED758C83-D5F6-40B1-B664-8050EEAF9B7D}.Release|Any CPU.ActiveCfg = Release|Any CPU
		{ED758C83-D5F6-40B1-B664-8050EEAF9B7D}.Release|Any CPU.Build.0 = Release|Any CPU
		{ED758C83-D5F6-40B1-B664-8050EEAF9B7D}.Release|ARM.ActiveCfg = Release|Any CPU
		{ED758C83-D5F6-40B1-B664-8050EEAF9B7D}.Release|ARM.Build.0 = Release|Any CPU
		{ED758C83-D5F6-40B1-B664-8050EEAF9B7D}.Release|iPhone.ActiveCfg = Release|Any CPU
		{ED758C83-D5F6-40B1-B664-8050EEAF9B7D}.Release|iPhone.Build.0 = Release|Any CPU
		{ED758C83-D5F6-40B1-B664-8050EEAF9B7D}.Release|iPhoneSimulator.ActiveCfg = Release|Any CPU
		{ED758C83-D5F6-40B1-B664-8050EEAF9B7D}.Release|iPhoneSimulator.Build.0 = Release|Any CPU
		{ED758C83-D5F6-40B1-B664-8050EEAF9B7D}.Release|x64.ActiveCfg = Release|Any CPU
		{ED758C83-D5F6-40B1-B664-8050EEAF9B7D}.Release|x64.Build.0 = Release|Any CPU
		{ED758C83-D5F6-40B1-B664-8050EEAF9B7D}.Release|x86.ActiveCfg = Release|Any CPU
		{ED758C83-D5F6-40B1-B664-8050EEAF9B7D}.Release|x86.Build.0 = Release|Any CPU
		{51394498-6056-4F07-96B9-745B6F340FBD}.Ad-Hoc|Any CPU.ActiveCfg = Release|Any CPU
		{51394498-6056-4F07-96B9-745B6F340FBD}.Ad-Hoc|Any CPU.Build.0 = Release|Any CPU
		{51394498-6056-4F07-96B9-745B6F340FBD}.Ad-Hoc|Any CPU.Deploy.0 = Release|Any CPU
		{51394498-6056-4F07-96B9-745B6F340FBD}.Ad-Hoc|ARM.ActiveCfg = Release|Any CPU
		{51394498-6056-4F07-96B9-745B6F340FBD}.Ad-Hoc|ARM.Build.0 = Release|Any CPU
		{51394498-6056-4F07-96B9-745B6F340FBD}.Ad-Hoc|ARM.Deploy.0 = Release|Any CPU
		{51394498-6056-4F07-96B9-745B6F340FBD}.Ad-Hoc|iPhone.ActiveCfg = Release|Any CPU
		{51394498-6056-4F07-96B9-745B6F340FBD}.Ad-Hoc|iPhone.Build.0 = Release|Any CPU
		{51394498-6056-4F07-96B9-745B6F340FBD}.Ad-Hoc|iPhone.Deploy.0 = Release|Any CPU
		{51394498-6056-4F07-96B9-745B6F340FBD}.Ad-Hoc|iPhoneSimulator.ActiveCfg = Release|Any CPU
		{51394498-6056-4F07-96B9-745B6F340FBD}.Ad-Hoc|iPhoneSimulator.Build.0 = Release|Any CPU
		{51394498-6056-4F07-96B9-745B6F340FBD}.Ad-Hoc|iPhoneSimulator.Deploy.0 = Release|Any CPU
		{51394498-6056-4F07-96B9-745B6F340FBD}.Ad-Hoc|x64.ActiveCfg = Release|Any CPU
		{51394498-6056-4F07-96B9-745B6F340FBD}.Ad-Hoc|x64.Build.0 = Release|Any CPU
		{51394498-6056-4F07-96B9-745B6F340FBD}.Ad-Hoc|x64.Deploy.0 = Release|Any CPU
		{51394498-6056-4F07-96B9-745B6F340FBD}.Ad-Hoc|x86.ActiveCfg = Release|Any CPU
		{51394498-6056-4F07-96B9-745B6F340FBD}.Ad-Hoc|x86.Build.0 = Release|Any CPU
		{51394498-6056-4F07-96B9-745B6F340FBD}.Ad-Hoc|x86.Deploy.0 = Release|Any CPU
		{51394498-6056-4F07-96B9-745B6F340FBD}.AppStore|Any CPU.ActiveCfg = Release|Any CPU
		{51394498-6056-4F07-96B9-745B6F340FBD}.AppStore|Any CPU.Build.0 = Release|Any CPU
		{51394498-6056-4F07-96B9-745B6F340FBD}.AppStore|Any CPU.Deploy.0 = Release|Any CPU
		{51394498-6056-4F07-96B9-745B6F340FBD}.AppStore|ARM.ActiveCfg = Release|Any CPU
		{51394498-6056-4F07-96B9-745B6F340FBD}.AppStore|ARM.Build.0 = Release|Any CPU
		{51394498-6056-4F07-96B9-745B6F340FBD}.AppStore|ARM.Deploy.0 = Release|Any CPU
		{51394498-6056-4F07-96B9-745B6F340FBD}.AppStore|iPhone.ActiveCfg = Release|Any CPU
		{51394498-6056-4F07-96B9-745B6F340FBD}.AppStore|iPhone.Build.0 = Release|Any CPU
		{51394498-6056-4F07-96B9-745B6F340FBD}.AppStore|iPhone.Deploy.0 = Release|Any CPU
		{51394498-6056-4F07-96B9-745B6F340FBD}.AppStore|iPhoneSimulator.ActiveCfg = Release|Any CPU
		{51394498-6056-4F07-96B9-745B6F340FBD}.AppStore|iPhoneSimulator.Build.0 = Release|Any CPU
		{51394498-6056-4F07-96B9-745B6F340FBD}.AppStore|iPhoneSimulator.Deploy.0 = Release|Any CPU
		{51394498-6056-4F07-96B9-745B6F340FBD}.AppStore|x64.ActiveCfg = Release|Any CPU
		{51394498-6056-4F07-96B9-745B6F340FBD}.AppStore|x64.Build.0 = Release|Any CPU
		{51394498-6056-4F07-96B9-745B6F340FBD}.AppStore|x64.Deploy.0 = Release|Any CPU
		{51394498-6056-4F07-96B9-745B6F340FBD}.AppStore|x86.ActiveCfg = Release|Any CPU
		{51394498-6056-4F07-96B9-745B6F340FBD}.AppStore|x86.Build.0 = Release|Any CPU
		{51394498-6056-4F07-96B9-745B6F340FBD}.AppStore|x86.Deploy.0 = Release|Any CPU
		{51394498-6056-4F07-96B9-745B6F340FBD}.Debug|Any CPU.ActiveCfg = Debug|Any CPU
		{51394498-6056-4F07-96B9-745B6F340FBD}.Debug|Any CPU.Build.0 = Debug|Any CPU
		{51394498-6056-4F07-96B9-745B6F340FBD}.Debug|Any CPU.Deploy.0 = Debug|Any CPU
		{51394498-6056-4F07-96B9-745B6F340FBD}.Debug|ARM.ActiveCfg = Debug|Any CPU
		{51394498-6056-4F07-96B9-745B6F340FBD}.Debug|ARM.Build.0 = Debug|Any CPU
		{51394498-6056-4F07-96B9-745B6F340FBD}.Debug|ARM.Deploy.0 = Debug|Any CPU
		{51394498-6056-4F07-96B9-745B6F340FBD}.Debug|iPhone.ActiveCfg = Debug|Any CPU
		{51394498-6056-4F07-96B9-745B6F340FBD}.Debug|iPhone.Build.0 = Debug|Any CPU
		{51394498-6056-4F07-96B9-745B6F340FBD}.Debug|iPhone.Deploy.0 = Debug|Any CPU
		{51394498-6056-4F07-96B9-745B6F340FBD}.Debug|iPhoneSimulator.ActiveCfg = Debug|Any CPU
		{51394498-6056-4F07-96B9-745B6F340FBD}.Debug|iPhoneSimulator.Build.0 = Debug|Any CPU
		{51394498-6056-4F07-96B9-745B6F340FBD}.Debug|iPhoneSimulator.Deploy.0 = Debug|Any CPU
		{51394498-6056-4F07-96B9-745B6F340FBD}.Debug|x64.ActiveCfg = Debug|Any CPU
		{51394498-6056-4F07-96B9-745B6F340FBD}.Debug|x64.Build.0 = Debug|Any CPU
		{51394498-6056-4F07-96B9-745B6F340FBD}.Debug|x64.Deploy.0 = Debug|Any CPU
		{51394498-6056-4F07-96B9-745B6F340FBD}.Debug|x86.ActiveCfg = Debug|Any CPU
		{51394498-6056-4F07-96B9-745B6F340FBD}.Debug|x86.Build.0 = Debug|Any CPU
		{51394498-6056-4F07-96B9-745B6F340FBD}.Debug|x86.Deploy.0 = Debug|Any CPU
		{51394498-6056-4F07-96B9-745B6F340FBD}.Release|Any CPU.ActiveCfg = Release|Any CPU
		{51394498-6056-4F07-96B9-745B6F340FBD}.Release|Any CPU.Build.0 = Release|Any CPU
		{51394498-6056-4F07-96B9-745B6F340FBD}.Release|Any CPU.Deploy.0 = Release|Any CPU
		{51394498-6056-4F07-96B9-745B6F340FBD}.Release|ARM.ActiveCfg = Release|Any CPU
		{51394498-6056-4F07-96B9-745B6F340FBD}.Release|ARM.Build.0 = Release|Any CPU
		{51394498-6056-4F07-96B9-745B6F340FBD}.Release|ARM.Deploy.0 = Release|Any CPU
		{51394498-6056-4F07-96B9-745B6F340FBD}.Release|iPhone.ActiveCfg = Release|Any CPU
		{51394498-6056-4F07-96B9-745B6F340FBD}.Release|iPhone.Build.0 = Release|Any CPU
		{51394498-6056-4F07-96B9-745B6F340FBD}.Release|iPhone.Deploy.0 = Release|Any CPU
		{51394498-6056-4F07-96B9-745B6F340FBD}.Release|iPhoneSimulator.ActiveCfg = Release|Any CPU
		{51394498-6056-4F07-96B9-745B6F340FBD}.Release|iPhoneSimulator.Build.0 = Release|Any CPU
		{51394498-6056-4F07-96B9-745B6F340FBD}.Release|iPhoneSimulator.Deploy.0 = Release|Any CPU
		{51394498-6056-4F07-96B9-745B6F340FBD}.Release|x64.ActiveCfg = Release|Any CPU
		{51394498-6056-4F07-96B9-745B6F340FBD}.Release|x64.Build.0 = Release|Any CPU
		{51394498-6056-4F07-96B9-745B6F340FBD}.Release|x64.Deploy.0 = Release|Any CPU
		{51394498-6056-4F07-96B9-745B6F340FBD}.Release|x86.ActiveCfg = Release|Any CPU
		{51394498-6056-4F07-96B9-745B6F340FBD}.Release|x86.Build.0 = Release|Any CPU
		{51394498-6056-4F07-96B9-745B6F340FBD}.Release|x86.Deploy.0 = Release|Any CPU
		{C43670FF-9164-414C-BC6A-B0B2FE0DF12F}.Ad-Hoc|Any CPU.ActiveCfg = Ad-Hoc|iPhone
		{C43670FF-9164-414C-BC6A-B0B2FE0DF12F}.Ad-Hoc|ARM.ActiveCfg = Ad-Hoc|iPhone
		{C43670FF-9164-414C-BC6A-B0B2FE0DF12F}.Ad-Hoc|iPhone.ActiveCfg = Ad-Hoc|iPhone
		{C43670FF-9164-414C-BC6A-B0B2FE0DF12F}.Ad-Hoc|iPhone.Build.0 = Ad-Hoc|iPhone
		{C43670FF-9164-414C-BC6A-B0B2FE0DF12F}.Ad-Hoc|iPhoneSimulator.ActiveCfg = Ad-Hoc|iPhoneSimulator
		{C43670FF-9164-414C-BC6A-B0B2FE0DF12F}.Ad-Hoc|iPhoneSimulator.Build.0 = Ad-Hoc|iPhoneSimulator
		{C43670FF-9164-414C-BC6A-B0B2FE0DF12F}.Ad-Hoc|x64.ActiveCfg = Ad-Hoc|iPhone
		{C43670FF-9164-414C-BC6A-B0B2FE0DF12F}.Ad-Hoc|x86.ActiveCfg = Ad-Hoc|iPhone
		{C43670FF-9164-414C-BC6A-B0B2FE0DF12F}.AppStore|Any CPU.ActiveCfg = AppStore|iPhone
		{C43670FF-9164-414C-BC6A-B0B2FE0DF12F}.AppStore|ARM.ActiveCfg = AppStore|iPhone
		{C43670FF-9164-414C-BC6A-B0B2FE0DF12F}.AppStore|iPhone.ActiveCfg = AppStore|iPhone
		{C43670FF-9164-414C-BC6A-B0B2FE0DF12F}.AppStore|iPhone.Build.0 = AppStore|iPhone
		{C43670FF-9164-414C-BC6A-B0B2FE0DF12F}.AppStore|iPhoneSimulator.ActiveCfg = AppStore|iPhoneSimulator
		{C43670FF-9164-414C-BC6A-B0B2FE0DF12F}.AppStore|iPhoneSimulator.Build.0 = AppStore|iPhoneSimulator
		{C43670FF-9164-414C-BC6A-B0B2FE0DF12F}.AppStore|x64.ActiveCfg = AppStore|iPhone
		{C43670FF-9164-414C-BC6A-B0B2FE0DF12F}.AppStore|x86.ActiveCfg = AppStore|iPhone
		{C43670FF-9164-414C-BC6A-B0B2FE0DF12F}.Debug|Any CPU.ActiveCfg = Debug|iPhone
		{C43670FF-9164-414C-BC6A-B0B2FE0DF12F}.Debug|ARM.ActiveCfg = Debug|iPhone
		{C43670FF-9164-414C-BC6A-B0B2FE0DF12F}.Debug|iPhone.ActiveCfg = Debug|iPhone
		{C43670FF-9164-414C-BC6A-B0B2FE0DF12F}.Debug|iPhone.Build.0 = Debug|iPhone
		{C43670FF-9164-414C-BC6A-B0B2FE0DF12F}.Debug|iPhoneSimulator.ActiveCfg = Debug|iPhoneSimulator
		{C43670FF-9164-414C-BC6A-B0B2FE0DF12F}.Debug|iPhoneSimulator.Build.0 = Debug|iPhoneSimulator
		{C43670FF-9164-414C-BC6A-B0B2FE0DF12F}.Debug|x64.ActiveCfg = Debug|iPhone
		{C43670FF-9164-414C-BC6A-B0B2FE0DF12F}.Debug|x86.ActiveCfg = Debug|iPhone
		{C43670FF-9164-414C-BC6A-B0B2FE0DF12F}.Release|Any CPU.ActiveCfg = Release|iPhone
		{C43670FF-9164-414C-BC6A-B0B2FE0DF12F}.Release|ARM.ActiveCfg = Release|iPhone
		{C43670FF-9164-414C-BC6A-B0B2FE0DF12F}.Release|iPhone.ActiveCfg = Release|iPhone
		{C43670FF-9164-414C-BC6A-B0B2FE0DF12F}.Release|iPhone.Build.0 = Release|iPhone
		{C43670FF-9164-414C-BC6A-B0B2FE0DF12F}.Release|iPhoneSimulator.ActiveCfg = Release|iPhoneSimulator
		{C43670FF-9164-414C-BC6A-B0B2FE0DF12F}.Release|iPhoneSimulator.Build.0 = Release|iPhoneSimulator
		{C43670FF-9164-414C-BC6A-B0B2FE0DF12F}.Release|x64.ActiveCfg = Release|iPhone
		{C43670FF-9164-414C-BC6A-B0B2FE0DF12F}.Release|x86.ActiveCfg = Release|iPhone
		{AF550083-CD76-49F8-B1F6-EDEE6842DD30}.Ad-Hoc|Any CPU.ActiveCfg = Release|Any CPU
		{AF550083-CD76-49F8-B1F6-EDEE6842DD30}.Ad-Hoc|Any CPU.Build.0 = Release|Any CPU
		{AF550083-CD76-49F8-B1F6-EDEE6842DD30}.Ad-Hoc|Any CPU.Deploy.0 = Release|Any CPU
		{AF550083-CD76-49F8-B1F6-EDEE6842DD30}.Ad-Hoc|ARM.ActiveCfg = Release|ARM
		{AF550083-CD76-49F8-B1F6-EDEE6842DD30}.Ad-Hoc|ARM.Build.0 = Release|ARM
		{AF550083-CD76-49F8-B1F6-EDEE6842DD30}.Ad-Hoc|ARM.Deploy.0 = Release|ARM
		{AF550083-CD76-49F8-B1F6-EDEE6842DD30}.Ad-Hoc|iPhone.ActiveCfg = Release|Any CPU
		{AF550083-CD76-49F8-B1F6-EDEE6842DD30}.Ad-Hoc|iPhone.Build.0 = Release|Any CPU
		{AF550083-CD76-49F8-B1F6-EDEE6842DD30}.Ad-Hoc|iPhone.Deploy.0 = Release|Any CPU
		{AF550083-CD76-49F8-B1F6-EDEE6842DD30}.Ad-Hoc|iPhoneSimulator.ActiveCfg = Release|Any CPU
		{AF550083-CD76-49F8-B1F6-EDEE6842DD30}.Ad-Hoc|iPhoneSimulator.Build.0 = Release|Any CPU
		{AF550083-CD76-49F8-B1F6-EDEE6842DD30}.Ad-Hoc|iPhoneSimulator.Deploy.0 = Release|Any CPU
		{AF550083-CD76-49F8-B1F6-EDEE6842DD30}.Ad-Hoc|x64.ActiveCfg = Release|Any CPU
		{AF550083-CD76-49F8-B1F6-EDEE6842DD30}.Ad-Hoc|x64.Build.0 = Release|Any CPU
		{AF550083-CD76-49F8-B1F6-EDEE6842DD30}.Ad-Hoc|x64.Deploy.0 = Release|Any CPU
		{AF550083-CD76-49F8-B1F6-EDEE6842DD30}.Ad-Hoc|x86.ActiveCfg = Release|x86
		{AF550083-CD76-49F8-B1F6-EDEE6842DD30}.Ad-Hoc|x86.Build.0 = Release|x86
		{AF550083-CD76-49F8-B1F6-EDEE6842DD30}.Ad-Hoc|x86.Deploy.0 = Release|x86
		{AF550083-CD76-49F8-B1F6-EDEE6842DD30}.AppStore|Any CPU.ActiveCfg = Release|Any CPU
		{AF550083-CD76-49F8-B1F6-EDEE6842DD30}.AppStore|Any CPU.Build.0 = Release|Any CPU
		{AF550083-CD76-49F8-B1F6-EDEE6842DD30}.AppStore|Any CPU.Deploy.0 = Release|Any CPU
		{AF550083-CD76-49F8-B1F6-EDEE6842DD30}.AppStore|ARM.ActiveCfg = Release|ARM
		{AF550083-CD76-49F8-B1F6-EDEE6842DD30}.AppStore|ARM.Build.0 = Release|ARM
		{AF550083-CD76-49F8-B1F6-EDEE6842DD30}.AppStore|ARM.Deploy.0 = Release|ARM
		{AF550083-CD76-49F8-B1F6-EDEE6842DD30}.AppStore|iPhone.ActiveCfg = Release|Any CPU
		{AF550083-CD76-49F8-B1F6-EDEE6842DD30}.AppStore|iPhone.Build.0 = Release|Any CPU
		{AF550083-CD76-49F8-B1F6-EDEE6842DD30}.AppStore|iPhone.Deploy.0 = Release|Any CPU
		{AF550083-CD76-49F8-B1F6-EDEE6842DD30}.AppStore|iPhoneSimulator.ActiveCfg = Release|Any CPU
		{AF550083-CD76-49F8-B1F6-EDEE6842DD30}.AppStore|iPhoneSimulator.Build.0 = Release|Any CPU
		{AF550083-CD76-49F8-B1F6-EDEE6842DD30}.AppStore|iPhoneSimulator.Deploy.0 = Release|Any CPU
		{AF550083-CD76-49F8-B1F6-EDEE6842DD30}.AppStore|x64.ActiveCfg = Release|Any CPU
		{AF550083-CD76-49F8-B1F6-EDEE6842DD30}.AppStore|x64.Build.0 = Release|Any CPU
		{AF550083-CD76-49F8-B1F6-EDEE6842DD30}.AppStore|x64.Deploy.0 = Release|Any CPU
		{AF550083-CD76-49F8-B1F6-EDEE6842DD30}.AppStore|x86.ActiveCfg = Release|x86
		{AF550083-CD76-49F8-B1F6-EDEE6842DD30}.AppStore|x86.Build.0 = Release|x86
		{AF550083-CD76-49F8-B1F6-EDEE6842DD30}.AppStore|x86.Deploy.0 = Release|x86
		{AF550083-CD76-49F8-B1F6-EDEE6842DD30}.Debug|Any CPU.ActiveCfg = Debug|Any CPU
		{AF550083-CD76-49F8-B1F6-EDEE6842DD30}.Debug|Any CPU.Build.0 = Debug|Any CPU
		{AF550083-CD76-49F8-B1F6-EDEE6842DD30}.Debug|Any CPU.Deploy.0 = Debug|Any CPU
		{AF550083-CD76-49F8-B1F6-EDEE6842DD30}.Debug|ARM.ActiveCfg = Debug|ARM
		{AF550083-CD76-49F8-B1F6-EDEE6842DD30}.Debug|ARM.Build.0 = Debug|ARM
		{AF550083-CD76-49F8-B1F6-EDEE6842DD30}.Debug|ARM.Deploy.0 = Debug|ARM
		{AF550083-CD76-49F8-B1F6-EDEE6842DD30}.Debug|iPhone.ActiveCfg = Debug|Any CPU
		{AF550083-CD76-49F8-B1F6-EDEE6842DD30}.Debug|iPhone.Build.0 = Debug|Any CPU
		{AF550083-CD76-49F8-B1F6-EDEE6842DD30}.Debug|iPhone.Deploy.0 = Debug|Any CPU
		{AF550083-CD76-49F8-B1F6-EDEE6842DD30}.Debug|iPhoneSimulator.ActiveCfg = Debug|Any CPU
		{AF550083-CD76-49F8-B1F6-EDEE6842DD30}.Debug|iPhoneSimulator.Build.0 = Debug|Any CPU
		{AF550083-CD76-49F8-B1F6-EDEE6842DD30}.Debug|iPhoneSimulator.Deploy.0 = Debug|Any CPU
		{AF550083-CD76-49F8-B1F6-EDEE6842DD30}.Debug|x64.ActiveCfg = Debug|Any CPU
		{AF550083-CD76-49F8-B1F6-EDEE6842DD30}.Debug|x64.Build.0 = Debug|Any CPU
		{AF550083-CD76-49F8-B1F6-EDEE6842DD30}.Debug|x64.Deploy.0 = Debug|Any CPU
		{AF550083-CD76-49F8-B1F6-EDEE6842DD30}.Debug|x86.ActiveCfg = Debug|x86
		{AF550083-CD76-49F8-B1F6-EDEE6842DD30}.Debug|x86.Build.0 = Debug|x86
		{AF550083-CD76-49F8-B1F6-EDEE6842DD30}.Debug|x86.Deploy.0 = Debug|x86
		{AF550083-CD76-49F8-B1F6-EDEE6842DD30}.Release|Any CPU.ActiveCfg = Release|Any CPU
		{AF550083-CD76-49F8-B1F6-EDEE6842DD30}.Release|Any CPU.Build.0 = Release|Any CPU
		{AF550083-CD76-49F8-B1F6-EDEE6842DD30}.Release|Any CPU.Deploy.0 = Release|Any CPU
		{AF550083-CD76-49F8-B1F6-EDEE6842DD30}.Release|ARM.ActiveCfg = Release|ARM
		{AF550083-CD76-49F8-B1F6-EDEE6842DD30}.Release|ARM.Build.0 = Release|ARM
		{AF550083-CD76-49F8-B1F6-EDEE6842DD30}.Release|ARM.Deploy.0 = Release|ARM
		{AF550083-CD76-49F8-B1F6-EDEE6842DD30}.Release|iPhone.ActiveCfg = Release|Any CPU
		{AF550083-CD76-49F8-B1F6-EDEE6842DD30}.Release|iPhone.Build.0 = Release|Any CPU
		{AF550083-CD76-49F8-B1F6-EDEE6842DD30}.Release|iPhone.Deploy.0 = Release|Any CPU
		{AF550083-CD76-49F8-B1F6-EDEE6842DD30}.Release|iPhoneSimulator.ActiveCfg = Release|Any CPU
		{AF550083-CD76-49F8-B1F6-EDEE6842DD30}.Release|iPhoneSimulator.Build.0 = Release|Any CPU
		{AF550083-CD76-49F8-B1F6-EDEE6842DD30}.Release|iPhoneSimulator.Deploy.0 = Release|Any CPU
		{AF550083-CD76-49F8-B1F6-EDEE6842DD30}.Release|x64.ActiveCfg = Release|Any CPU
		{AF550083-CD76-49F8-B1F6-EDEE6842DD30}.Release|x64.Build.0 = Release|Any CPU
		{AF550083-CD76-49F8-B1F6-EDEE6842DD30}.Release|x64.Deploy.0 = Release|Any CPU
		{AF550083-CD76-49F8-B1F6-EDEE6842DD30}.Release|x86.ActiveCfg = Release|x86
		{AF550083-CD76-49F8-B1F6-EDEE6842DD30}.Release|x86.Build.0 = Release|x86
		{AF550083-CD76-49F8-B1F6-EDEE6842DD30}.Release|x86.Deploy.0 = Release|x86
		{3EBC3C3D-7A83-4D08-886B-34E55253C93B}.Ad-Hoc|Any CPU.ActiveCfg = Release|x86
		{3EBC3C3D-7A83-4D08-886B-34E55253C93B}.Ad-Hoc|Any CPU.Build.0 = Release|x86
		{3EBC3C3D-7A83-4D08-886B-34E55253C93B}.Ad-Hoc|Any CPU.Deploy.0 = Release|x86
		{3EBC3C3D-7A83-4D08-886B-34E55253C93B}.Ad-Hoc|ARM.ActiveCfg = Release|ARM
		{3EBC3C3D-7A83-4D08-886B-34E55253C93B}.Ad-Hoc|ARM.Build.0 = Release|ARM
		{3EBC3C3D-7A83-4D08-886B-34E55253C93B}.Ad-Hoc|ARM.Deploy.0 = Release|ARM
		{3EBC3C3D-7A83-4D08-886B-34E55253C93B}.Ad-Hoc|iPhone.ActiveCfg = Release|x86
		{3EBC3C3D-7A83-4D08-886B-34E55253C93B}.Ad-Hoc|iPhone.Build.0 = Release|x86
		{3EBC3C3D-7A83-4D08-886B-34E55253C93B}.Ad-Hoc|iPhone.Deploy.0 = Release|x86
		{3EBC3C3D-7A83-4D08-886B-34E55253C93B}.Ad-Hoc|iPhoneSimulator.ActiveCfg = Release|x86
		{3EBC3C3D-7A83-4D08-886B-34E55253C93B}.Ad-Hoc|iPhoneSimulator.Build.0 = Release|x86
		{3EBC3C3D-7A83-4D08-886B-34E55253C93B}.Ad-Hoc|iPhoneSimulator.Deploy.0 = Release|x86
		{3EBC3C3D-7A83-4D08-886B-34E55253C93B}.Ad-Hoc|x64.ActiveCfg = Release|x64
		{3EBC3C3D-7A83-4D08-886B-34E55253C93B}.Ad-Hoc|x64.Build.0 = Release|x64
		{3EBC3C3D-7A83-4D08-886B-34E55253C93B}.Ad-Hoc|x64.Deploy.0 = Release|x64
		{3EBC3C3D-7A83-4D08-886B-34E55253C93B}.Ad-Hoc|x86.ActiveCfg = Release|x86
		{3EBC3C3D-7A83-4D08-886B-34E55253C93B}.Ad-Hoc|x86.Build.0 = Release|x86
		{3EBC3C3D-7A83-4D08-886B-34E55253C93B}.Ad-Hoc|x86.Deploy.0 = Release|x86
		{3EBC3C3D-7A83-4D08-886B-34E55253C93B}.AppStore|Any CPU.ActiveCfg = Release|x86
		{3EBC3C3D-7A83-4D08-886B-34E55253C93B}.AppStore|Any CPU.Build.0 = Release|x86
		{3EBC3C3D-7A83-4D08-886B-34E55253C93B}.AppStore|Any CPU.Deploy.0 = Release|x86
		{3EBC3C3D-7A83-4D08-886B-34E55253C93B}.AppStore|ARM.ActiveCfg = Release|ARM
		{3EBC3C3D-7A83-4D08-886B-34E55253C93B}.AppStore|ARM.Build.0 = Release|ARM
		{3EBC3C3D-7A83-4D08-886B-34E55253C93B}.AppStore|ARM.Deploy.0 = Release|ARM
		{3EBC3C3D-7A83-4D08-886B-34E55253C93B}.AppStore|iPhone.ActiveCfg = Release|x86
		{3EBC3C3D-7A83-4D08-886B-34E55253C93B}.AppStore|iPhone.Build.0 = Release|x86
		{3EBC3C3D-7A83-4D08-886B-34E55253C93B}.AppStore|iPhone.Deploy.0 = Release|x86
		{3EBC3C3D-7A83-4D08-886B-34E55253C93B}.AppStore|iPhoneSimulator.ActiveCfg = Release|x86
		{3EBC3C3D-7A83-4D08-886B-34E55253C93B}.AppStore|iPhoneSimulator.Build.0 = Release|x86
		{3EBC3C3D-7A83-4D08-886B-34E55253C93B}.AppStore|iPhoneSimulator.Deploy.0 = Release|x86
		{3EBC3C3D-7A83-4D08-886B-34E55253C93B}.AppStore|x64.ActiveCfg = Release|x64
		{3EBC3C3D-7A83-4D08-886B-34E55253C93B}.AppStore|x64.Build.0 = Release|x64
		{3EBC3C3D-7A83-4D08-886B-34E55253C93B}.AppStore|x64.Deploy.0 = Release|x64
		{3EBC3C3D-7A83-4D08-886B-34E55253C93B}.AppStore|x86.ActiveCfg = Release|x86
		{3EBC3C3D-7A83-4D08-886B-34E55253C93B}.AppStore|x86.Build.0 = Release|x86
		{3EBC3C3D-7A83-4D08-886B-34E55253C93B}.AppStore|x86.Deploy.0 = Release|x86
		{3EBC3C3D-7A83-4D08-886B-34E55253C93B}.Debug|Any CPU.ActiveCfg = Debug|x86
		{3EBC3C3D-7A83-4D08-886B-34E55253C93B}.Debug|ARM.ActiveCfg = Debug|ARM
		{3EBC3C3D-7A83-4D08-886B-34E55253C93B}.Debug|ARM.Build.0 = Debug|ARM
		{3EBC3C3D-7A83-4D08-886B-34E55253C93B}.Debug|ARM.Deploy.0 = Debug|ARM
		{3EBC3C3D-7A83-4D08-886B-34E55253C93B}.Debug|iPhone.ActiveCfg = Debug|x86
		{3EBC3C3D-7A83-4D08-886B-34E55253C93B}.Debug|iPhoneSimulator.ActiveCfg = Debug|x86
		{3EBC3C3D-7A83-4D08-886B-34E55253C93B}.Debug|x64.ActiveCfg = Debug|x64
		{3EBC3C3D-7A83-4D08-886B-34E55253C93B}.Debug|x64.Build.0 = Debug|x64
		{3EBC3C3D-7A83-4D08-886B-34E55253C93B}.Debug|x64.Deploy.0 = Debug|x64
		{3EBC3C3D-7A83-4D08-886B-34E55253C93B}.Debug|x86.ActiveCfg = Debug|x86
		{3EBC3C3D-7A83-4D08-886B-34E55253C93B}.Debug|x86.Build.0 = Debug|x86
		{3EBC3C3D-7A83-4D08-886B-34E55253C93B}.Debug|x86.Deploy.0 = Debug|x86
		{3EBC3C3D-7A83-4D08-886B-34E55253C93B}.Release|Any CPU.ActiveCfg = Release|x86
		{3EBC3C3D-7A83-4D08-886B-34E55253C93B}.Release|ARM.ActiveCfg = Release|ARM
		{3EBC3C3D-7A83-4D08-886B-34E55253C93B}.Release|ARM.Build.0 = Release|ARM
		{3EBC3C3D-7A83-4D08-886B-34E55253C93B}.Release|ARM.Deploy.0 = Release|ARM
		{3EBC3C3D-7A83-4D08-886B-34E55253C93B}.Release|iPhone.ActiveCfg = Release|x86
		{3EBC3C3D-7A83-4D08-886B-34E55253C93B}.Release|iPhoneSimulator.ActiveCfg = Release|x86
		{3EBC3C3D-7A83-4D08-886B-34E55253C93B}.Release|x64.ActiveCfg = Release|x64
		{3EBC3C3D-7A83-4D08-886B-34E55253C93B}.Release|x64.Build.0 = Release|x64
		{3EBC3C3D-7A83-4D08-886B-34E55253C93B}.Release|x64.Deploy.0 = Release|x64
		{3EBC3C3D-7A83-4D08-886B-34E55253C93B}.Release|x86.ActiveCfg = Release|x86
		{3EBC3C3D-7A83-4D08-886B-34E55253C93B}.Release|x86.Build.0 = Release|x86
		{3EBC3C3D-7A83-4D08-886B-34E55253C93B}.Release|x86.Deploy.0 = Release|x86
		{A04CF9F5-FA15-47FE-A6ED-E35DFDF6B36C}.Ad-Hoc|Any CPU.ActiveCfg = Release|Any CPU
		{A04CF9F5-FA15-47FE-A6ED-E35DFDF6B36C}.Ad-Hoc|Any CPU.Build.0 = Release|Any CPU
		{A04CF9F5-FA15-47FE-A6ED-E35DFDF6B36C}.Ad-Hoc|Any CPU.Deploy.0 = Release|Any CPU
		{A04CF9F5-FA15-47FE-A6ED-E35DFDF6B36C}.Ad-Hoc|ARM.ActiveCfg = Release|ARM
		{A04CF9F5-FA15-47FE-A6ED-E35DFDF6B36C}.Ad-Hoc|ARM.Build.0 = Release|ARM
		{A04CF9F5-FA15-47FE-A6ED-E35DFDF6B36C}.Ad-Hoc|ARM.Deploy.0 = Release|ARM
		{A04CF9F5-FA15-47FE-A6ED-E35DFDF6B36C}.Ad-Hoc|iPhone.ActiveCfg = Release|Any CPU
		{A04CF9F5-FA15-47FE-A6ED-E35DFDF6B36C}.Ad-Hoc|iPhone.Build.0 = Release|Any CPU
		{A04CF9F5-FA15-47FE-A6ED-E35DFDF6B36C}.Ad-Hoc|iPhone.Deploy.0 = Release|Any CPU
		{A04CF9F5-FA15-47FE-A6ED-E35DFDF6B36C}.Ad-Hoc|iPhoneSimulator.ActiveCfg = Release|Any CPU
		{A04CF9F5-FA15-47FE-A6ED-E35DFDF6B36C}.Ad-Hoc|iPhoneSimulator.Build.0 = Release|Any CPU
		{A04CF9F5-FA15-47FE-A6ED-E35DFDF6B36C}.Ad-Hoc|iPhoneSimulator.Deploy.0 = Release|Any CPU
		{A04CF9F5-FA15-47FE-A6ED-E35DFDF6B36C}.Ad-Hoc|x64.ActiveCfg = Release|x64
		{A04CF9F5-FA15-47FE-A6ED-E35DFDF6B36C}.Ad-Hoc|x64.Build.0 = Release|x64
		{A04CF9F5-FA15-47FE-A6ED-E35DFDF6B36C}.Ad-Hoc|x64.Deploy.0 = Release|x64
		{A04CF9F5-FA15-47FE-A6ED-E35DFDF6B36C}.Ad-Hoc|x86.ActiveCfg = Release|x86
		{A04CF9F5-FA15-47FE-A6ED-E35DFDF6B36C}.Ad-Hoc|x86.Build.0 = Release|x86
		{A04CF9F5-FA15-47FE-A6ED-E35DFDF6B36C}.Ad-Hoc|x86.Deploy.0 = Release|x86
		{A04CF9F5-FA15-47FE-A6ED-E35DFDF6B36C}.AppStore|Any CPU.ActiveCfg = Release|Any CPU
		{A04CF9F5-FA15-47FE-A6ED-E35DFDF6B36C}.AppStore|Any CPU.Build.0 = Release|Any CPU
		{A04CF9F5-FA15-47FE-A6ED-E35DFDF6B36C}.AppStore|Any CPU.Deploy.0 = Release|Any CPU
		{A04CF9F5-FA15-47FE-A6ED-E35DFDF6B36C}.AppStore|ARM.ActiveCfg = Release|ARM
		{A04CF9F5-FA15-47FE-A6ED-E35DFDF6B36C}.AppStore|ARM.Build.0 = Release|ARM
		{A04CF9F5-FA15-47FE-A6ED-E35DFDF6B36C}.AppStore|ARM.Deploy.0 = Release|ARM
		{A04CF9F5-FA15-47FE-A6ED-E35DFDF6B36C}.AppStore|iPhone.ActiveCfg = Release|Any CPU
		{A04CF9F5-FA15-47FE-A6ED-E35DFDF6B36C}.AppStore|iPhone.Build.0 = Release|Any CPU
		{A04CF9F5-FA15-47FE-A6ED-E35DFDF6B36C}.AppStore|iPhone.Deploy.0 = Release|Any CPU
		{A04CF9F5-FA15-47FE-A6ED-E35DFDF6B36C}.AppStore|iPhoneSimulator.ActiveCfg = Release|Any CPU
		{A04CF9F5-FA15-47FE-A6ED-E35DFDF6B36C}.AppStore|iPhoneSimulator.Build.0 = Release|Any CPU
		{A04CF9F5-FA15-47FE-A6ED-E35DFDF6B36C}.AppStore|iPhoneSimulator.Deploy.0 = Release|Any CPU
		{A04CF9F5-FA15-47FE-A6ED-E35DFDF6B36C}.AppStore|x64.ActiveCfg = Release|x64
		{A04CF9F5-FA15-47FE-A6ED-E35DFDF6B36C}.AppStore|x64.Build.0 = Release|x64
		{A04CF9F5-FA15-47FE-A6ED-E35DFDF6B36C}.AppStore|x64.Deploy.0 = Release|x64
		{A04CF9F5-FA15-47FE-A6ED-E35DFDF6B36C}.AppStore|x86.ActiveCfg = Release|x86
		{A04CF9F5-FA15-47FE-A6ED-E35DFDF6B36C}.AppStore|x86.Build.0 = Release|x86
		{A04CF9F5-FA15-47FE-A6ED-E35DFDF6B36C}.AppStore|x86.Deploy.0 = Release|x86
		{A04CF9F5-FA15-47FE-A6ED-E35DFDF6B36C}.Debug|Any CPU.ActiveCfg = Debug|Any CPU
		{A04CF9F5-FA15-47FE-A6ED-E35DFDF6B36C}.Debug|Any CPU.Build.0 = Debug|Any CPU
		{A04CF9F5-FA15-47FE-A6ED-E35DFDF6B36C}.Debug|Any CPU.Deploy.0 = Debug|Any CPU
		{A04CF9F5-FA15-47FE-A6ED-E35DFDF6B36C}.Debug|ARM.ActiveCfg = Debug|ARM
		{A04CF9F5-FA15-47FE-A6ED-E35DFDF6B36C}.Debug|ARM.Build.0 = Debug|ARM
		{A04CF9F5-FA15-47FE-A6ED-E35DFDF6B36C}.Debug|ARM.Deploy.0 = Debug|ARM
		{A04CF9F5-FA15-47FE-A6ED-E35DFDF6B36C}.Debug|iPhone.ActiveCfg = Debug|Any CPU
		{A04CF9F5-FA15-47FE-A6ED-E35DFDF6B36C}.Debug|iPhone.Build.0 = Debug|Any CPU
		{A04CF9F5-FA15-47FE-A6ED-E35DFDF6B36C}.Debug|iPhone.Deploy.0 = Debug|Any CPU
		{A04CF9F5-FA15-47FE-A6ED-E35DFDF6B36C}.Debug|iPhoneSimulator.ActiveCfg = Debug|Any CPU
		{A04CF9F5-FA15-47FE-A6ED-E35DFDF6B36C}.Debug|iPhoneSimulator.Build.0 = Debug|Any CPU
		{A04CF9F5-FA15-47FE-A6ED-E35DFDF6B36C}.Debug|iPhoneSimulator.Deploy.0 = Debug|Any CPU
		{A04CF9F5-FA15-47FE-A6ED-E35DFDF6B36C}.Debug|x64.ActiveCfg = Debug|x64
		{A04CF9F5-FA15-47FE-A6ED-E35DFDF6B36C}.Debug|x64.Build.0 = Debug|x64
		{A04CF9F5-FA15-47FE-A6ED-E35DFDF6B36C}.Debug|x64.Deploy.0 = Debug|x64
		{A04CF9F5-FA15-47FE-A6ED-E35DFDF6B36C}.Debug|x86.ActiveCfg = Debug|x86
		{A04CF9F5-FA15-47FE-A6ED-E35DFDF6B36C}.Debug|x86.Build.0 = Debug|x86
		{A04CF9F5-FA15-47FE-A6ED-E35DFDF6B36C}.Debug|x86.Deploy.0 = Debug|x86
		{A04CF9F5-FA15-47FE-A6ED-E35DFDF6B36C}.Release|Any CPU.ActiveCfg = Release|Any CPU
		{A04CF9F5-FA15-47FE-A6ED-E35DFDF6B36C}.Release|Any CPU.Build.0 = Release|Any CPU
		{A04CF9F5-FA15-47FE-A6ED-E35DFDF6B36C}.Release|Any CPU.Deploy.0 = Release|Any CPU
		{A04CF9F5-FA15-47FE-A6ED-E35DFDF6B36C}.Release|ARM.ActiveCfg = Release|ARM
		{A04CF9F5-FA15-47FE-A6ED-E35DFDF6B36C}.Release|ARM.Build.0 = Release|ARM
		{A04CF9F5-FA15-47FE-A6ED-E35DFDF6B36C}.Release|ARM.Deploy.0 = Release|ARM
		{A04CF9F5-FA15-47FE-A6ED-E35DFDF6B36C}.Release|iPhone.ActiveCfg = Release|Any CPU
		{A04CF9F5-FA15-47FE-A6ED-E35DFDF6B36C}.Release|iPhone.Build.0 = Release|Any CPU
		{A04CF9F5-FA15-47FE-A6ED-E35DFDF6B36C}.Release|iPhone.Deploy.0 = Release|Any CPU
		{A04CF9F5-FA15-47FE-A6ED-E35DFDF6B36C}.Release|iPhoneSimulator.ActiveCfg = Release|Any CPU
		{A04CF9F5-FA15-47FE-A6ED-E35DFDF6B36C}.Release|iPhoneSimulator.Build.0 = Release|Any CPU
		{A04CF9F5-FA15-47FE-A6ED-E35DFDF6B36C}.Release|iPhoneSimulator.Deploy.0 = Release|Any CPU
		{A04CF9F5-FA15-47FE-A6ED-E35DFDF6B36C}.Release|x64.ActiveCfg = Release|x64
		{A04CF9F5-FA15-47FE-A6ED-E35DFDF6B36C}.Release|x64.Build.0 = Release|x64
		{A04CF9F5-FA15-47FE-A6ED-E35DFDF6B36C}.Release|x64.Deploy.0 = Release|x64
		{A04CF9F5-FA15-47FE-A6ED-E35DFDF6B36C}.Release|x86.ActiveCfg = Release|x86
		{A04CF9F5-FA15-47FE-A6ED-E35DFDF6B36C}.Release|x86.Build.0 = Release|x86
		{A04CF9F5-FA15-47FE-A6ED-E35DFDF6B36C}.Release|x86.Deploy.0 = Release|x86
	EndGlobalSection
	GlobalSection(SolutionProperties) = preSolution
		HideSolutionNode = FALSE
	EndGlobalSection
EndGlobal
